<?xml version="1.0" encoding="utf-8"?>
<Project ToolsVersion="4.0" xmlns="http://schemas.microsoft.com/developer/msbuild/2003">
  <ItemGroup>
    <Filter Include="Source Files">
      <UniqueIdentifier>{4FC737F1-C7A5-4376-A066-2A32D752A2FF}</UniqueIdentifier>
      <Extensions>cpp;c;cc;cxx;def;odl;idl;hpj;bat;asm;asmx</Extensions>
    </Filter>
    <Filter Include="Header Files">
      <UniqueIdentifier>{93995380-89BD-4b04-88EB-625FBE52EBFB}</UniqueIdentifier>
      <Extensions>h;hpp;hxx;hm;inl;inc;xsd</Extensions>
    </Filter>
    <Filter Include="Resource Files">
      <UniqueIdentifier>{67DA6AB6-F800-4c08-8B7A-83BB121AAD01}</UniqueIdentifier>
      <Extensions>rc;ico;cur;bmp;dlg;rc2;rct;bin;rgs;gif;jpg;jpeg;jpe;resx;tiff;tif;png;wav;mfcribbon-ms</Extensions>
    </Filter>
    <Filter Include="Source Files\SGE">
      <UniqueIdentifier>{229f336e-64af-4192-849d-3932dae348ac}</UniqueIdentifier>
    </Filter>
    <Filter Include="Source Files\SGE\Framework">
      <UniqueIdentifier>{730c21a1-971d-4460-bb1e-84bd62effa63}</UniqueIdentifier>
    </Filter>
    <Filter Include="Source Files\SGD3D">
      <UniqueIdentifier>{a2b336ca-4e8d-4873-99db-680d49138206}</UniqueIdentifier>
    </Filter>
    <Filter Include="Source Files\SGDS">
      <UniqueIdentifier>{b353cbdd-10af-471a-b646-cfa547bd680a}</UniqueIdentifier>
    </Filter>
    <Filter Include="Source Files\SGE\Input">
      <UniqueIdentifier>{c469f3f8-9145-4a91-bd1e-09862297419c}</UniqueIdentifier>
    </Filter>
  </ItemGroup>
  <ItemGroup>
    <ClInclude Include="SGE.h">
      <Filter>Header Files</Filter>
    </ClInclude>
    <ClInclude Include="Stdafx.h">
      <Filter>Header Files</Filter>
    </ClInclude>
    <ClInclude Include="resource.h">
      <Filter>Header Files</Filter>
    </ClInclude>
    <ClInclude Include="SGD3D.h">
      <Filter>Header Files</Filter>
    </ClInclude>
    <ClInclude Include="SGDS.h">
      <Filter>Header Files</Filter>
    </ClInclude>
  </ItemGroup>
  <ItemGroup>
    <ClCompile Include="AssemblyInfo.cpp">
      <Filter>Source Files</Filter>
    </ClCompile>
    <ClCompile Include="Stdafx.cpp">
      <Filter>Source Files</Filter>
    </ClCompile>
    <ClCompile Include="Game.cpp">
      <Filter>Source Files\SGE\Framework</Filter>
    </ClCompile>
    <ClCompile Include="GameTime.cpp">
      <Filter>Source Files\SGE\Framework</Filter>
    </ClCompile>
    <ClCompile Include="GameObject.cpp">
      <Filter>Source Files\SGE\Framework</Filter>
    </ClCompile>
    <ClCompile Include="DirectXDevice.cpp">
      <Filter>Source Files\SGD3D</Filter>
    </ClCompile>
    <ClCompile Include="DirectSoundDevice.cpp">
      <Filter>Source Files\SGDS</Filter>
    </ClCompile>
    <ClCompile Include="GameInputs.cpp">
      <Filter>Source Files\SGE\Input</Filter>
    </ClCompile>
  </ItemGroup>
  <ItemGroup>
    <Text Include="ReadMe.txt" />
  </ItemGroup>
  <ItemGroup>
    <ResourceCompile Include="app.rc">
      <Filter>Resource Files</Filter>
    </ResourceCompile>
  </ItemGroup>
  <ItemGroup>
    <Image Include="app.ico">
      <Filter>Resource Files</Filter>
    </Image>
  </ItemGroup>
</Project>